// !$*UTF8*$!
{
	archiveVersion = 1;
	classes = {
	};
	objectVersion = 50;
	objects = {

/* Begin PBXBuildFile section */
		742A189A22DE5309004C544D /* AppDelegate.swift in Sources */ = {isa = PBXBuildFile; fileRef = 742A189922DE5309004C544D /* AppDelegate.swift */; };
		742A18A122DE530B004C544D /* Assets.xcassets in Resources */ = {isa = PBXBuildFile; fileRef = 742A18A022DE530B004C544D /* Assets.xcassets */; };
		742A18A422DE530B004C544D /* LaunchScreen.storyboard in Resources */ = {isa = PBXBuildFile; fileRef = 742A18A222DE530B004C544D /* LaunchScreen.storyboard */; };
		742A18B322DE546B004C544D /* TabBarController.swift in Sources */ = {isa = PBXBuildFile; fileRef = 742A18B222DE546B004C544D /* TabBarController.swift */; };
		742A18B722DE5540004C544D /* TopicsViewController.swift in Sources */ = {isa = PBXBuildFile; fileRef = 742A18B522DE5540004C544D /* TopicsViewController.swift */; };
		742A18B822DE5540004C544D /* TopicsViewController.xib in Resources */ = {isa = PBXBuildFile; fileRef = 742A18B622DE5540004C544D /* TopicsViewController.xib */; };
		742A18BC22DE581F004C544D /* APIRequest.swift in Sources */ = {isa = PBXBuildFile; fileRef = 742A18BB22DE581F004C544D /* APIRequest.swift */; };
		742A18BE22DE620C004C544D /* APIClient.swift in Sources */ = {isa = PBXBuildFile; fileRef = 742A18BD22DE620C004C544D /* APIClient.swift */; };
		742A18C122DE649F004C544D /* LatestTopicsRequest.swift in Sources */ = {isa = PBXBuildFile; fileRef = 742A18C022DE649F004C544D /* LatestTopicsRequest.swift */; };
		742A18C422DE694E004C544D /* TopicsRepository.swift in Sources */ = {isa = PBXBuildFile; fileRef = 742A18C322DE694E004C544D /* TopicsRepository.swift */; };
		742A18C622DE6999004C544D /* TopicsRepositoryImpl.swift in Sources */ = {isa = PBXBuildFile; fileRef = 742A18C522DE6999004C544D /* TopicsRepositoryImpl.swift */; };
		742A18C822DE6F23004C544D /* TopicsRouter.swift in Sources */ = {isa = PBXBuildFile; fileRef = 742A18C722DE6F23004C544D /* TopicsRouter.swift */; };
		742A18CA22DE6F37004C544D /* TopicsViewModel.swift in Sources */ = {isa = PBXBuildFile; fileRef = 742A18C922DE6F37004C544D /* TopicsViewModel.swift */; };
		742A18CD22DE74B8004C544D /* LatestTopicsResponse.swift in Sources */ = {isa = PBXBuildFile; fileRef = 742A18CC22DE74B8004C544D /* LatestTopicsResponse.swift */; };
		742A18D022DE789D004C544D /* UITableViewCellExten.swift in Sources */ = {isa = PBXBuildFile; fileRef = 742A18CF22DE789D004C544D /* UITableViewCellExten.swift */; };
		742A18D422DE7C47004C544D /* DetailTopicViewController.swift in Sources */ = {isa = PBXBuildFile; fileRef = 742A18D222DE7C47004C544D /* DetailTopicViewController.swift */; };
		742A18D522DE7C47004C544D /* DetailTopicViewController.xib in Resources */ = {isa = PBXBuildFile; fileRef = 742A18D322DE7C47004C544D /* DetailTopicViewController.xib */; };
		742A18D722DE7C65004C544D /* DetailTopicViewModel.swift in Sources */ = {isa = PBXBuildFile; fileRef = 742A18D622DE7C65004C544D /* DetailTopicViewModel.swift */; };
		742A18D922DE7C7C004C544D /* DetailTopicRouter.swift in Sources */ = {isa = PBXBuildFile; fileRef = 742A18D822DE7C7C004C544D /* DetailTopicRouter.swift */; };
		742A18DB22DE8136004C544D /* SingleTopicResponse.swift in Sources */ = {isa = PBXBuildFile; fileRef = 742A18DA22DE8136004C544D /* SingleTopicResponse.swift */; };
		742A18DD22DE81ED004C544D /* SingleTopicRequest.swift in Sources */ = {isa = PBXBuildFile; fileRef = 742A18DC22DE81ED004C544D /* SingleTopicRequest.swift */; };
		742A18DF22DE8526004C544D /* CreateTopicRequest.swift in Sources */ = {isa = PBXBuildFile; fileRef = 742A18DE22DE8526004C544D /* CreateTopicRequest.swift */; };
		742A18E122DE858A004C544D /* AddNewTopicResponse.swift in Sources */ = {isa = PBXBuildFile; fileRef = 742A18E022DE858A004C544D /* AddNewTopicResponse.swift */; };
		D131B2AF22E9A5A60010EEC2 /* SendPrivateMessageRequest.swift in Sources */ = {isa = PBXBuildFile; fileRef = D131B2AE22E9A5A60010EEC2 /* SendPrivateMessageRequest.swift */; };
		D131B2B222E9A86B0010EEC2 /* SendPrivateMessageRouter.swift in Sources */ = {isa = PBXBuildFile; fileRef = D131B2B122E9A86B0010EEC2 /* SendPrivateMessageRouter.swift */; };
		D131B2B422E9A8770010EEC2 /* SendPrivateMessageViewModel.swift in Sources */ = {isa = PBXBuildFile; fileRef = D131B2B322E9A8770010EEC2 /* SendPrivateMessageViewModel.swift */; };
		D131B2B722E9A8820010EEC2 /* SendPrivateMessageViewController.swift in Sources */ = {isa = PBXBuildFile; fileRef = D131B2B522E9A8820010EEC2 /* SendPrivateMessageViewController.swift */; };
		D131B2B822E9A8820010EEC2 /* SendPrivateMessageViewController.xib in Resources */ = {isa = PBXBuildFile; fileRef = D131B2B622E9A8820010EEC2 /* SendPrivateMessageViewController.xib */; };
		D153B6F322E6EE3500BA4EA3 /* TopicsByCategoryRequest.swift in Sources */ = {isa = PBXBuildFile; fileRef = D153B6F222E6EE3500BA4EA3 /* TopicsByCategoryRequest.swift */; };
		D153B6F522E6EE7500BA4EA3 /* TopicsByCategoryResponse.swift in Sources */ = {isa = PBXBuildFile; fileRef = D153B6F422E6EE7500BA4EA3 /* TopicsByCategoryResponse.swift */; };
		D153B6F822E6F19200BA4EA3 /* TopicsByCategoryRouter.swift in Sources */ = {isa = PBXBuildFile; fileRef = D153B6F722E6F19200BA4EA3 /* TopicsByCategoryRouter.swift */; };
		D153B6FA22E6F19D00BA4EA3 /* TopicsByCategoryViewModel.swift in Sources */ = {isa = PBXBuildFile; fileRef = D153B6F922E6F19D00BA4EA3 /* TopicsByCategoryViewModel.swift */; };
		D153B6FD22E6F1AB00BA4EA3 /* TopicsByCategoryViewController.swift in Sources */ = {isa = PBXBuildFile; fileRef = D153B6FB22E6F1AB00BA4EA3 /* TopicsByCategoryViewController.swift */; };
		D153B6FE22E6F1AB00BA4EA3 /* TopicsByCategoryViewController.xib in Resources */ = {isa = PBXBuildFile; fileRef = D153B6FC22E6F1AB00BA4EA3 /* TopicsByCategoryViewController.xib */; };
		D153B70122E6F57500BA4EA3 /* TopicsByCategoryTableViewCell.swift in Sources */ = {isa = PBXBuildFile; fileRef = D153B6FF22E6F57500BA4EA3 /* TopicsByCategoryTableViewCell.swift */; };
		D153B70222E6F57500BA4EA3 /* TopicsByCategoryTableViewCell.xib in Resources */ = {isa = PBXBuildFile; fileRef = D153B70022E6F57500BA4EA3 /* TopicsByCategoryTableViewCell.xib */; };
		D153B70922E76AF900BA4EA3 /* PostsByTopicRouter.swift in Sources */ = {isa = PBXBuildFile; fileRef = D153B70822E76AF900BA4EA3 /* PostsByTopicRouter.swift */; };
		D153B70B22E76B0300BA4EA3 /* PostsByTopicViewModel.swift in Sources */ = {isa = PBXBuildFile; fileRef = D153B70A22E76B0300BA4EA3 /* PostsByTopicViewModel.swift */; };
		D153B70E22E76B1A00BA4EA3 /* PostsByTopicViewController.swift in Sources */ = {isa = PBXBuildFile; fileRef = D153B70C22E76B1A00BA4EA3 /* PostsByTopicViewController.swift */; };
		D153B70F22E76B1A00BA4EA3 /* PostsByTopicViewController.xib in Resources */ = {isa = PBXBuildFile; fileRef = D153B70D22E76B1A00BA4EA3 /* PostsByTopicViewController.xib */; };
		D153B71122E859D400BA4EA3 /* CreatePostsToTopicRequest.swift in Sources */ = {isa = PBXBuildFile; fileRef = D153B71022E859D400BA4EA3 /* CreatePostsToTopicRequest.swift */; };
		D153B71322E865EB00BA4EA3 /* SingleTopicUpdateResponse.swift in Sources */ = {isa = PBXBuildFile; fileRef = D153B71222E865EB00BA4EA3 /* SingleTopicUpdateResponse.swift */; };
		D153B71522E866AB00BA4EA3 /* SingleTopicUpdateRequest.swift in Sources */ = {isa = PBXBuildFile; fileRef = D153B71422E866AB00BA4EA3 /* SingleTopicUpdateRequest.swift */; };
		D153B71A22E8B12A00BA4EA3 /* CreateTopicRouter.swift in Sources */ = {isa = PBXBuildFile; fileRef = D153B71922E8B12A00BA4EA3 /* CreateTopicRouter.swift */; };
		D153B71C22E8B13600BA4EA3 /* CreateTopicViewModel.swift in Sources */ = {isa = PBXBuildFile; fileRef = D153B71B22E8B13600BA4EA3 /* CreateTopicViewModel.swift */; };
		D153B71F22E8B14900BA4EA3 /* CreateTopicViewController.swift in Sources */ = {isa = PBXBuildFile; fileRef = D153B71D22E8B14900BA4EA3 /* CreateTopicViewController.swift */; };
		D153B72022E8B14900BA4EA3 /* CreateTopicViewController.xib in Resources */ = {isa = PBXBuildFile; fileRef = D153B71E22E8B14900BA4EA3 /* CreateTopicViewController.xib */; };
		D1EC187F22E59E6600132577 /* CategoriesTopicsRequest.swift in Sources */ = {isa = PBXBuildFile; fileRef = D1EC187E22E59E6600132577 /* CategoriesTopicsRequest.swift */; };
		D1EC188122E59E9D00132577 /* CategoriesTopicsResponse.swift in Sources */ = {isa = PBXBuildFile; fileRef = D1EC188022E59E9D00132577 /* CategoriesTopicsResponse.swift */; };
		D1EC188422E5A71A00132577 /* CategoriesTopicsRouter.swift in Sources */ = {isa = PBXBuildFile; fileRef = D1EC188322E5A71A00132577 /* CategoriesTopicsRouter.swift */; };
		D1EC188622E5A72500132577 /* CategoriesTopicsViewModel.swift in Sources */ = {isa = PBXBuildFile; fileRef = D1EC188522E5A72500132577 /* CategoriesTopicsViewModel.swift */; };
		D1EC188922E5A74B00132577 /* CategoriesTopicsViewController.swift in Sources */ = {isa = PBXBuildFile; fileRef = D1EC188722E5A74B00132577 /* CategoriesTopicsViewController.swift */; };
		D1EC188A22E5A74B00132577 /* CategoriesTopicsViewController.xib in Resources */ = {isa = PBXBuildFile; fileRef = D1EC188822E5A74B00132577 /* CategoriesTopicsViewController.xib */; };
/* End PBXBuildFile section */

/* Begin PBXFileReference section */
		742A189622DE5309004C544D /* Eh-Ho.app */ = {isa = PBXFileReference; explicitFileType = wrapper.application; includeInIndex = 0; path = "Eh-Ho.app"; sourceTree = BUILT_PRODUCTS_DIR; };
		742A189922DE5309004C544D /* AppDelegate.swift */ = {isa = PBXFileReference; lastKnownFileType = sourcecode.swift; path = AppDelegate.swift; sourceTree = "<group>"; };
		742A18A022DE530B004C544D /* Assets.xcassets */ = {isa = PBXFileReference; lastKnownFileType = folder.assetcatalog; path = Assets.xcassets; sourceTree = "<group>"; };
		742A18A322DE530B004C544D /* Base */ = {isa = PBXFileReference; lastKnownFileType = file.storyboard; name = Base; path = Base.lproj/LaunchScreen.storyboard; sourceTree = "<group>"; };
		742A18A522DE530B004C544D /* Info.plist */ = {isa = PBXFileReference; lastKnownFileType = text.plist.xml; path = Info.plist; sourceTree = "<group>"; };
		742A18B222DE546B004C544D /* TabBarController.swift */ = {isa = PBXFileReference; lastKnownFileType = sourcecode.swift; path = TabBarController.swift; sourceTree = "<group>"; };
		742A18B522DE5540004C544D /* TopicsViewController.swift */ = {isa = PBXFileReference; lastKnownFileType = sourcecode.swift; path = TopicsViewController.swift; sourceTree = "<group>"; };
		742A18B622DE5540004C544D /* TopicsViewController.xib */ = {isa = PBXFileReference; lastKnownFileType = file.xib; path = TopicsViewController.xib; sourceTree = "<group>"; };
		742A18BB22DE581F004C544D /* APIRequest.swift */ = {isa = PBXFileReference; lastKnownFileType = sourcecode.swift; path = APIRequest.swift; sourceTree = "<group>"; };
		742A18BD22DE620C004C544D /* APIClient.swift */ = {isa = PBXFileReference; lastKnownFileType = sourcecode.swift; path = APIClient.swift; sourceTree = "<group>"; };
		742A18C022DE649F004C544D /* LatestTopicsRequest.swift */ = {isa = PBXFileReference; lastKnownFileType = sourcecode.swift; path = LatestTopicsRequest.swift; sourceTree = "<group>"; };
		742A18C322DE694E004C544D /* TopicsRepository.swift */ = {isa = PBXFileReference; lastKnownFileType = sourcecode.swift; path = TopicsRepository.swift; sourceTree = "<group>"; };
		742A18C522DE6999004C544D /* TopicsRepositoryImpl.swift */ = {isa = PBXFileReference; lastKnownFileType = sourcecode.swift; path = TopicsRepositoryImpl.swift; sourceTree = "<group>"; };
		742A18C722DE6F23004C544D /* TopicsRouter.swift */ = {isa = PBXFileReference; lastKnownFileType = sourcecode.swift; path = TopicsRouter.swift; sourceTree = "<group>"; };
		742A18C922DE6F37004C544D /* TopicsViewModel.swift */ = {isa = PBXFileReference; lastKnownFileType = sourcecode.swift; path = TopicsViewModel.swift; sourceTree = "<group>"; };
		742A18CC22DE74B8004C544D /* LatestTopicsResponse.swift */ = {isa = PBXFileReference; lastKnownFileType = sourcecode.swift; path = LatestTopicsResponse.swift; sourceTree = "<group>"; };
		742A18CF22DE789D004C544D /* UITableViewCellExten.swift */ = {isa = PBXFileReference; lastKnownFileType = sourcecode.swift; path = UITableViewCellExten.swift; sourceTree = "<group>"; };
		742A18D222DE7C47004C544D /* DetailTopicViewController.swift */ = {isa = PBXFileReference; lastKnownFileType = sourcecode.swift; path = DetailTopicViewController.swift; sourceTree = "<group>"; };
		742A18D322DE7C47004C544D /* DetailTopicViewController.xib */ = {isa = PBXFileReference; lastKnownFileType = file.xib; path = DetailTopicViewController.xib; sourceTree = "<group>"; };
		742A18D622DE7C65004C544D /* DetailTopicViewModel.swift */ = {isa = PBXFileReference; lastKnownFileType = sourcecode.swift; path = DetailTopicViewModel.swift; sourceTree = "<group>"; };
		742A18D822DE7C7C004C544D /* DetailTopicRouter.swift */ = {isa = PBXFileReference; lastKnownFileType = sourcecode.swift; path = DetailTopicRouter.swift; sourceTree = "<group>"; };
		742A18DA22DE8136004C544D /* SingleTopicResponse.swift */ = {isa = PBXFileReference; lastKnownFileType = sourcecode.swift; path = SingleTopicResponse.swift; sourceTree = "<group>"; };
		742A18DC22DE81ED004C544D /* SingleTopicRequest.swift */ = {isa = PBXFileReference; lastKnownFileType = sourcecode.swift; path = SingleTopicRequest.swift; sourceTree = "<group>"; };
		742A18DE22DE8526004C544D /* CreateTopicRequest.swift */ = {isa = PBXFileReference; lastKnownFileType = sourcecode.swift; path = CreateTopicRequest.swift; sourceTree = "<group>"; };
		742A18E022DE858A004C544D /* AddNewTopicResponse.swift */ = {isa = PBXFileReference; lastKnownFileType = sourcecode.swift; path = AddNewTopicResponse.swift; sourceTree = "<group>"; };
		D131B2AE22E9A5A60010EEC2 /* SendPrivateMessageRequest.swift */ = {isa = PBXFileReference; lastKnownFileType = sourcecode.swift; path = SendPrivateMessageRequest.swift; sourceTree = "<group>"; };
		D131B2B122E9A86B0010EEC2 /* SendPrivateMessageRouter.swift */ = {isa = PBXFileReference; lastKnownFileType = sourcecode.swift; path = SendPrivateMessageRouter.swift; sourceTree = "<group>"; };
		D131B2B322E9A8770010EEC2 /* SendPrivateMessageViewModel.swift */ = {isa = PBXFileReference; lastKnownFileType = sourcecode.swift; path = SendPrivateMessageViewModel.swift; sourceTree = "<group>"; };
		D131B2B522E9A8820010EEC2 /* SendPrivateMessageViewController.swift */ = {isa = PBXFileReference; lastKnownFileType = sourcecode.swift; path = SendPrivateMessageViewController.swift; sourceTree = "<group>"; };
		D131B2B622E9A8820010EEC2 /* SendPrivateMessageViewController.xib */ = {isa = PBXFileReference; lastKnownFileType = file.xib; path = SendPrivateMessageViewController.xib; sourceTree = "<group>"; };
		D153B6F222E6EE3500BA4EA3 /* TopicsByCategoryRequest.swift */ = {isa = PBXFileReference; lastKnownFileType = sourcecode.swift; path = TopicsByCategoryRequest.swift; sourceTree = "<group>"; };
		D153B6F422E6EE7500BA4EA3 /* TopicsByCategoryResponse.swift */ = {isa = PBXFileReference; lastKnownFileType = sourcecode.swift; path = TopicsByCategoryResponse.swift; sourceTree = "<group>"; };
		D153B6F722E6F19200BA4EA3 /* TopicsByCategoryRouter.swift */ = {isa = PBXFileReference; lastKnownFileType = sourcecode.swift; path = TopicsByCategoryRouter.swift; sourceTree = "<group>"; };
		D153B6F922E6F19D00BA4EA3 /* TopicsByCategoryViewModel.swift */ = {isa = PBXFileReference; lastKnownFileType = sourcecode.swift; path = TopicsByCategoryViewModel.swift; sourceTree = "<group>"; };
		D153B6FB22E6F1AB00BA4EA3 /* TopicsByCategoryViewController.swift */ = {isa = PBXFileReference; lastKnownFileType = sourcecode.swift; path = TopicsByCategoryViewController.swift; sourceTree = "<group>"; };
		D153B6FC22E6F1AB00BA4EA3 /* TopicsByCategoryViewController.xib */ = {isa = PBXFileReference; lastKnownFileType = file.xib; path = TopicsByCategoryViewController.xib; sourceTree = "<group>"; };
		D153B6FF22E6F57500BA4EA3 /* TopicsByCategoryTableViewCell.swift */ = {isa = PBXFileReference; lastKnownFileType = sourcecode.swift; path = TopicsByCategoryTableViewCell.swift; sourceTree = "<group>"; };
		D153B70022E6F57500BA4EA3 /* TopicsByCategoryTableViewCell.xib */ = {isa = PBXFileReference; lastKnownFileType = file.xib; path = TopicsByCategoryTableViewCell.xib; sourceTree = "<group>"; };
		D153B70822E76AF900BA4EA3 /* PostsByTopicRouter.swift */ = {isa = PBXFileReference; lastKnownFileType = sourcecode.swift; path = PostsByTopicRouter.swift; sourceTree = "<group>"; };
		D153B70A22E76B0300BA4EA3 /* PostsByTopicViewModel.swift */ = {isa = PBXFileReference; lastKnownFileType = sourcecode.swift; path = PostsByTopicViewModel.swift; sourceTree = "<group>"; };
		D153B70C22E76B1A00BA4EA3 /* PostsByTopicViewController.swift */ = {isa = PBXFileReference; lastKnownFileType = sourcecode.swift; path = PostsByTopicViewController.swift; sourceTree = "<group>"; };
		D153B70D22E76B1A00BA4EA3 /* PostsByTopicViewController.xib */ = {isa = PBXFileReference; lastKnownFileType = file.xib; path = PostsByTopicViewController.xib; sourceTree = "<group>"; };
		D153B71022E859D400BA4EA3 /* CreatePostsToTopicRequest.swift */ = {isa = PBXFileReference; lastKnownFileType = sourcecode.swift; path = CreatePostsToTopicRequest.swift; sourceTree = "<group>"; };
		D153B71222E865EB00BA4EA3 /* SingleTopicUpdateResponse.swift */ = {isa = PBXFileReference; lastKnownFileType = sourcecode.swift; path = SingleTopicUpdateResponse.swift; sourceTree = "<group>"; };
		D153B71422E866AB00BA4EA3 /* SingleTopicUpdateRequest.swift */ = {isa = PBXFileReference; lastKnownFileType = sourcecode.swift; path = SingleTopicUpdateRequest.swift; sourceTree = "<group>"; };
		D153B71922E8B12A00BA4EA3 /* CreateTopicRouter.swift */ = {isa = PBXFileReference; lastKnownFileType = sourcecode.swift; path = CreateTopicRouter.swift; sourceTree = "<group>"; };
		D153B71B22E8B13600BA4EA3 /* CreateTopicViewModel.swift */ = {isa = PBXFileReference; lastKnownFileType = sourcecode.swift; path = CreateTopicViewModel.swift; sourceTree = "<group>"; };
		D153B71D22E8B14900BA4EA3 /* CreateTopicViewController.swift */ = {isa = PBXFileReference; lastKnownFileType = sourcecode.swift; path = CreateTopicViewController.swift; sourceTree = "<group>"; };
		D153B71E22E8B14900BA4EA3 /* CreateTopicViewController.xib */ = {isa = PBXFileReference; lastKnownFileType = file.xib; path = CreateTopicViewController.xib; sourceTree = "<group>"; };
		D1EC187E22E59E6600132577 /* CategoriesTopicsRequest.swift */ = {isa = PBXFileReference; lastKnownFileType = sourcecode.swift; path = CategoriesTopicsRequest.swift; sourceTree = "<group>"; };
		D1EC188022E59E9D00132577 /* CategoriesTopicsResponse.swift */ = {isa = PBXFileReference; lastKnownFileType = sourcecode.swift; path = CategoriesTopicsResponse.swift; sourceTree = "<group>"; };
		D1EC188322E5A71A00132577 /* CategoriesTopicsRouter.swift */ = {isa = PBXFileReference; lastKnownFileType = sourcecode.swift; path = CategoriesTopicsRouter.swift; sourceTree = "<group>"; };
		D1EC188522E5A72500132577 /* CategoriesTopicsViewModel.swift */ = {isa = PBXFileReference; lastKnownFileType = sourcecode.swift; path = CategoriesTopicsViewModel.swift; sourceTree = "<group>"; };
		D1EC188722E5A74B00132577 /* CategoriesTopicsViewController.swift */ = {isa = PBXFileReference; lastKnownFileType = sourcecode.swift; path = CategoriesTopicsViewController.swift; sourceTree = "<group>"; };
		D1EC188822E5A74B00132577 /* CategoriesTopicsViewController.xib */ = {isa = PBXFileReference; lastKnownFileType = file.xib; path = CategoriesTopicsViewController.xib; sourceTree = "<group>"; };
/* End PBXFileReference section */

/* Begin PBXFrameworksBuildPhase section */
		742A189322DE5309004C544D /* Frameworks */ = {
			isa = PBXFrameworksBuildPhase;
			buildActionMask = 2147483647;
			files = (
			);
			runOnlyForDeploymentPostprocessing = 0;
		};
/* End PBXFrameworksBuildPhase section */

/* Begin PBXGroup section */
		742A188D22DE5309004C544D = {
			isa = PBXGroup;
			children = (
				742A189822DE5309004C544D /* Eh-Ho */,
				742A189722DE5309004C544D /* Products */,
			);
			sourceTree = "<group>";
		};
		742A189722DE5309004C544D /* Products */ = {
			isa = PBXGroup;
			children = (
				742A189622DE5309004C544D /* Eh-Ho.app */,
			);
			name = Products;
			sourceTree = "<group>";
		};
		742A189822DE5309004C544D /* Eh-Ho */ = {
			isa = PBXGroup;
			children = (
				742A18CE22DE7889004C544D /* Commons */,
				742A18BF22DE6483004C544D /* Models */,
				742A18AF22DE5418004C544D /* Sources */,
				742A18AD22DE53D9004C544D /* Resources */,
				742A18AB22DE53B2004C544D /* SupportingFiles */,
				742A18A522DE530B004C544D /* Info.plist */,
			);
			path = "Eh-Ho";
			sourceTree = "<group>";
		};
		742A18AB22DE53B2004C544D /* SupportingFiles */ = {
			isa = PBXGroup;
			children = (
				742A18AC22DE53C1004C544D /* AppInit */,
			);
			path = SupportingFiles;
			sourceTree = "<group>";
		};
		742A18AC22DE53C1004C544D /* AppInit */ = {
			isa = PBXGroup;
			children = (
				742A189922DE5309004C544D /* AppDelegate.swift */,
				742A18A222DE530B004C544D /* LaunchScreen.storyboard */,
			);
			path = AppInit;
			sourceTree = "<group>";
		};
		742A18AD22DE53D9004C544D /* Resources */ = {
			isa = PBXGroup;
			children = (
				742A18AE22DE53E4004C544D /* ArtWork */,
			);
			path = Resources;
			sourceTree = "<group>";
		};
		742A18AE22DE53E4004C544D /* ArtWork */ = {
			isa = PBXGroup;
			children = (
				742A18A022DE530B004C544D /* Assets.xcassets */,
			);
			path = ArtWork;
			sourceTree = "<group>";
		};
		742A18AF22DE5418004C544D /* Sources */ = {
			isa = PBXGroup;
			children = (
				742A18B922DE57F7004C544D /* Data */,
				742A18B022DE5420004C544D /* Views */,
			);
			path = Sources;
			sourceTree = "<group>";
		};
		742A18B022DE5420004C544D /* Views */ = {
			isa = PBXGroup;
			children = (
				D131B2B022E9A8520010EEC2 /* SendPrivateMessage */,
				D153B71822E8B11400BA4EA3 /* CreateTopic */,
				D153B70722E76AE200BA4EA3 /* PostsByTopic */,
				D153B6F622E6F18300BA4EA3 /* TopicsByCategory */,
				D1EC188222E5A70C00132577 /* CategoriesTopics */,
				742A18D122DE7C17004C544D /* DetailTopic */,
				742A18B422DE5528004C544D /* Topics */,
				742A18B122DE5435004C544D /* TabBarController */,
			);
			path = Views;
			sourceTree = "<group>";
		};
		742A18B122DE5435004C544D /* TabBarController */ = {
			isa = PBXGroup;
			children = (
				742A18B222DE546B004C544D /* TabBarController.swift */,
			);
			path = TabBarController;
			sourceTree = "<group>";
		};
		742A18B422DE5528004C544D /* Topics */ = {
			isa = PBXGroup;
			children = (
				742A18C722DE6F23004C544D /* TopicsRouter.swift */,
				742A18C922DE6F37004C544D /* TopicsViewModel.swift */,
				742A18B522DE5540004C544D /* TopicsViewController.swift */,
				742A18B622DE5540004C544D /* TopicsViewController.xib */,
			);
			path = Topics;
			sourceTree = "<group>";
		};
		742A18B922DE57F7004C544D /* Data */ = {
			isa = PBXGroup;
			children = (
				742A18C222DE6932004C544D /* Repositories */,
				742A18BA22DE57FC004C544D /* Remote */,
			);
			path = Data;
			sourceTree = "<group>";
		};
		742A18BA22DE57FC004C544D /* Remote */ = {
			isa = PBXGroup;
			children = (
				742A18BB22DE581F004C544D /* APIRequest.swift */,
				742A18BD22DE620C004C544D /* APIClient.swift */,
			);
			path = Remote;
			sourceTree = "<group>";
		};
		742A18BF22DE6483004C544D /* Models */ = {
			isa = PBXGroup;
			children = (
				742A18CB22DE74A5004C544D /* Responses */,
				D153B6F222E6EE3500BA4EA3 /* TopicsByCategoryRequest.swift */,
				742A18C022DE649F004C544D /* LatestTopicsRequest.swift */,
				742A18DC22DE81ED004C544D /* SingleTopicRequest.swift */,
				742A18DE22DE8526004C544D /* CreateTopicRequest.swift */,
				D1EC187E22E59E6600132577 /* CategoriesTopicsRequest.swift */,
				D153B71022E859D400BA4EA3 /* CreatePostsToTopicRequest.swift */,
				D153B71422E866AB00BA4EA3 /* SingleTopicUpdateRequest.swift */,
				D131B2AE22E9A5A60010EEC2 /* SendPrivateMessageRequest.swift */,
			);
			path = Models;
			sourceTree = "<group>";
		};
		742A18C222DE6932004C544D /* Repositories */ = {
			isa = PBXGroup;
			children = (
				742A18C322DE694E004C544D /* TopicsRepository.swift */,
				742A18C522DE6999004C544D /* TopicsRepositoryImpl.swift */,
			);
			path = Repositories;
			sourceTree = "<group>";
		};
		742A18CB22DE74A5004C544D /* Responses */ = {
			isa = PBXGroup;
			children = (
				742A18CC22DE74B8004C544D /* LatestTopicsResponse.swift */,
				742A18DA22DE8136004C544D /* SingleTopicResponse.swift */,
				742A18E022DE858A004C544D /* AddNewTopicResponse.swift */,
				D1EC188022E59E9D00132577 /* CategoriesTopicsResponse.swift */,
				D153B6F422E6EE7500BA4EA3 /* TopicsByCategoryResponse.swift */,
				D153B71222E865EB00BA4EA3 /* SingleTopicUpdateResponse.swift */,
			);
			path = Responses;
			sourceTree = "<group>";
		};
		742A18CE22DE7889004C544D /* Commons */ = {
			isa = PBXGroup;
			children = (
				742A18CF22DE789D004C544D /* UITableViewCellExten.swift */,
			);
			path = Commons;
			sourceTree = "<group>";
		};
		742A18D122DE7C17004C544D /* DetailTopic */ = {
			isa = PBXGroup;
			children = (
				742A18D822DE7C7C004C544D /* DetailTopicRouter.swift */,
				742A18D622DE7C65004C544D /* DetailTopicViewModel.swift */,
				742A18D222DE7C47004C544D /* DetailTopicViewController.swift */,
				742A18D322DE7C47004C544D /* DetailTopicViewController.xib */,
			);
			path = DetailTopic;
			sourceTree = "<group>";
		};
		D131B2B022E9A8520010EEC2 /* SendPrivateMessage */ = {
			isa = PBXGroup;
			children = (
				D131B2B122E9A86B0010EEC2 /* SendPrivateMessageRouter.swift */,
				D131B2B322E9A8770010EEC2 /* SendPrivateMessageViewModel.swift */,
				D131B2B522E9A8820010EEC2 /* SendPrivateMessageViewController.swift */,
				D131B2B622E9A8820010EEC2 /* SendPrivateMessageViewController.xib */,
			);
			path = SendPrivateMessage;
			sourceTree = "<group>";
		};
		D153B6F622E6F18300BA4EA3 /* TopicsByCategory */ = {
			isa = PBXGroup;
			children = (
				D153B6F722E6F19200BA4EA3 /* TopicsByCategoryRouter.swift */,
				D153B6F922E6F19D00BA4EA3 /* TopicsByCategoryViewModel.swift */,
				D153B6FB22E6F1AB00BA4EA3 /* TopicsByCategoryViewController.swift */,
				D153B6FC22E6F1AB00BA4EA3 /* TopicsByCategoryViewController.xib */,
				D153B6FF22E6F57500BA4EA3 /* TopicsByCategoryTableViewCell.swift */,
				D153B70022E6F57500BA4EA3 /* TopicsByCategoryTableViewCell.xib */,
			);
			path = TopicsByCategory;
			sourceTree = "<group>";
		};
		D153B70722E76AE200BA4EA3 /* PostsByTopic */ = {
			isa = PBXGroup;
			children = (
				D153B70A22E76B0300BA4EA3 /* PostsByTopicViewModel.swift */,
				D153B70822E76AF900BA4EA3 /* PostsByTopicRouter.swift */,
				D153B70C22E76B1A00BA4EA3 /* PostsByTopicViewController.swift */,
				D153B70D22E76B1A00BA4EA3 /* PostsByTopicViewController.xib */,
			);
			path = PostsByTopic;
			sourceTree = "<group>";
		};
		D153B71822E8B11400BA4EA3 /* CreateTopic */ = {
			isa = PBXGroup;
			children = (
				D153B71922E8B12A00BA4EA3 /* CreateTopicRouter.swift */,
				D153B71B22E8B13600BA4EA3 /* CreateTopicViewModel.swift */,
				D153B71D22E8B14900BA4EA3 /* CreateTopicViewController.swift */,
				D153B71E22E8B14900BA4EA3 /* CreateTopicViewController.xib */,
			);
			path = CreateTopic;
			sourceTree = "<group>";
		};
		D1EC188222E5A70C00132577 /* CategoriesTopics */ = {
			isa = PBXGroup;
			children = (
				D1EC188322E5A71A00132577 /* CategoriesTopicsRouter.swift */,
				D1EC188522E5A72500132577 /* CategoriesTopicsViewModel.swift */,
				D1EC188722E5A74B00132577 /* CategoriesTopicsViewController.swift */,
				D1EC188822E5A74B00132577 /* CategoriesTopicsViewController.xib */,
			);
			path = CategoriesTopics;
			sourceTree = "<group>";
		};
/* End PBXGroup section */

/* Begin PBXNativeTarget section */
		742A189522DE5309004C544D /* Eh-Ho */ = {
			isa = PBXNativeTarget;
			buildConfigurationList = 742A18A822DE530B004C544D /* Build configuration list for PBXNativeTarget "Eh-Ho" */;
			buildPhases = (
				742A189222DE5309004C544D /* Sources */,
				742A189322DE5309004C544D /* Frameworks */,
				742A189422DE5309004C544D /* Resources */,
			);
			buildRules = (
			);
			dependencies = (
			);
			name = "Eh-Ho";
			productName = "Eh-Ho";
			productReference = 742A189622DE5309004C544D /* Eh-Ho.app */;
			productType = "com.apple.product-type.application";
		};
/* End PBXNativeTarget section */

/* Begin PBXProject section */
		742A188E22DE5309004C544D /* Project object */ = {
			isa = PBXProject;
			attributes = {
				LastSwiftUpdateCheck = 1020;
				LastUpgradeCheck = 1020;
				ORGANIZATIONNAME = KeepCoding;
				TargetAttributes = {
					742A189522DE5309004C544D = {
						CreatedOnToolsVersion = 10.2.1;
					};
				};
			};
			buildConfigurationList = 742A189122DE5309004C544D /* Build configuration list for PBXProject "Eh-Ho" */;
			compatibilityVersion = "Xcode 9.3";
			developmentRegion = en;
			hasScannedForEncodings = 0;
			knownRegions = (
				en,
				Base,
			);
			mainGroup = 742A188D22DE5309004C544D;
			productRefGroup = 742A189722DE5309004C544D /* Products */;
			projectDirPath = "";
			projectRoot = "";
			targets = (
				742A189522DE5309004C544D /* Eh-Ho */,
			);
		};
/* End PBXProject section */

/* Begin PBXResourcesBuildPhase section */
		742A189422DE5309004C544D /* Resources */ = {
			isa = PBXResourcesBuildPhase;
			buildActionMask = 2147483647;
			files = (
				D153B70222E6F57500BA4EA3 /* TopicsByCategoryTableViewCell.xib in Resources */,
				D153B70F22E76B1A00BA4EA3 /* PostsByTopicViewController.xib in Resources */,
				D131B2B822E9A8820010EEC2 /* SendPrivateMessageViewController.xib in Resources */,
				742A18A422DE530B004C544D /* LaunchScreen.storyboard in Resources */,
				D153B6FE22E6F1AB00BA4EA3 /* TopicsByCategoryViewController.xib in Resources */,
				D1EC188A22E5A74B00132577 /* CategoriesTopicsViewController.xib in Resources */,
				D153B72022E8B14900BA4EA3 /* CreateTopicViewController.xib in Resources */,
				742A18A122DE530B004C544D /* Assets.xcassets in Resources */,
				742A18B822DE5540004C544D /* TopicsViewController.xib in Resources */,
				742A18D522DE7C47004C544D /* DetailTopicViewController.xib in Resources */,
			);
			runOnlyForDeploymentPostprocessing = 0;
		};
/* End PBXResourcesBuildPhase section */

/* Begin PBXSourcesBuildPhase section */
		742A189222DE5309004C544D /* Sources */ = {
			isa = PBXSourcesBuildPhase;
			buildActionMask = 2147483647;
			files = (
				D153B70122E6F57500BA4EA3 /* TopicsByCategoryTableViewCell.swift in Sources */,
				D153B71322E865EB00BA4EA3 /* SingleTopicUpdateResponse.swift in Sources */,
				D153B70B22E76B0300BA4EA3 /* PostsByTopicViewModel.swift in Sources */,
				D153B71122E859D400BA4EA3 /* CreatePostsToTopicRequest.swift in Sources */,
				742A18C122DE649F004C544D /* LatestTopicsRequest.swift in Sources */,
				742A189A22DE5309004C544D /* AppDelegate.swift in Sources */,
				742A18CD22DE74B8004C544D /* LatestTopicsResponse.swift in Sources */,
				742A18C422DE694E004C544D /* TopicsRepository.swift in Sources */,
				D1EC188622E5A72500132577 /* CategoriesTopicsViewModel.swift in Sources */,
				742A18DB22DE8136004C544D /* SingleTopicResponse.swift in Sources */,
				D1EC188922E5A74B00132577 /* CategoriesTopicsViewController.swift in Sources */,
				742A18D422DE7C47004C544D /* DetailTopicViewController.swift in Sources */,
				742A18C822DE6F23004C544D /* TopicsRouter.swift in Sources */,
				D1EC188122E59E9D00132577 /* CategoriesTopicsResponse.swift in Sources */,
				742A18B322DE546B004C544D /* TabBarController.swift in Sources */,
				742A18DD22DE81ED004C544D /* SingleTopicRequest.swift in Sources */,
				D131B2B722E9A8820010EEC2 /* SendPrivateMessageViewController.swift in Sources */,
				D1EC187F22E59E6600132577 /* CategoriesTopicsRequest.swift in Sources */,
				D153B71A22E8B12A00BA4EA3 /* CreateTopicRouter.swift in Sources */,
				742A18D022DE789D004C544D /* UITableViewCellExten.swift in Sources */,
				D153B71522E866AB00BA4EA3 /* SingleTopicUpdateRequest.swift in Sources */,
				D1EC188422E5A71A00132577 /* CategoriesTopicsRouter.swift in Sources */,
				D153B70E22E76B1A00BA4EA3 /* PostsByTopicViewController.swift in Sources */,
				D153B71F22E8B14900BA4EA3 /* CreateTopicViewController.swift in Sources */,
				D153B6F522E6EE7500BA4EA3 /* TopicsByCategoryResponse.swift in Sources */,
				742A18D922DE7C7C004C544D /* DetailTopicRouter.swift in Sources */,
				D131B2B222E9A86B0010EEC2 /* SendPrivateMessageRouter.swift in Sources */,
				742A18C622DE6999004C544D /* TopicsRepositoryImpl.swift in Sources */,
				742A18D722DE7C65004C544D /* DetailTopicViewModel.swift in Sources */,
				742A18CA22DE6F37004C544D /* TopicsViewModel.swift in Sources */,
				742A18BC22DE581F004C544D /* APIRequest.swift in Sources */,
				D153B70922E76AF900BA4EA3 /* PostsByTopicRouter.swift in Sources */,
				D131B2AF22E9A5A60010EEC2 /* SendPrivateMessageRequest.swift in Sources */,
				D153B6FA22E6F19D00BA4EA3 /* TopicsByCategoryViewModel.swift in Sources */,
				D153B6F822E6F19200BA4EA3 /* TopicsByCategoryRouter.swift in Sources */,
				D131B2B422E9A8770010EEC2 /* SendPrivateMessageViewModel.swift in Sources */,
				D153B6FD22E6F1AB00BA4EA3 /* TopicsByCategoryViewController.swift in Sources */,
				D153B71C22E8B13600BA4EA3 /* CreateTopicViewModel.swift in Sources */,
				742A18DF22DE8526004C544D /* CreateTopicRequest.swift in Sources */,
				742A18E122DE858A004C544D /* AddNewTopicResponse.swift in Sources */,
				742A18BE22DE620C004C544D /* APIClient.swift in Sources */,
				742A18B722DE5540004C544D /* TopicsViewController.swift in Sources */,
				D153B6F322E6EE3500BA4EA3 /* TopicsByCategoryRequest.swift in Sources */,
			);
			runOnlyForDeploymentPostprocessing = 0;
		};
/* End PBXSourcesBuildPhase section */

/* Begin PBXVariantGroup section */
		742A18A222DE530B004C544D /* LaunchScreen.storyboard */ = {
			isa = PBXVariantGroup;
			children = (
				742A18A322DE530B004C544D /* Base */,
			);
			name = LaunchScreen.storyboard;
			sourceTree = "<group>";
		};
/* End PBXVariantGroup section */

/* Begin XCBuildConfiguration section */
		742A18A622DE530B004C544D /* Debug */ = {
			isa = XCBuildConfiguration;
			buildSettings = {
				ALWAYS_SEARCH_USER_PATHS = NO;
				CLANG_ANALYZER_NONNULL = YES;
				CLANG_ANALYZER_NUMBER_OBJECT_CONVERSION = YES_AGGRESSIVE;
				CLANG_CXX_LANGUAGE_STANDARD = "gnu++14";
				CLANG_CXX_LIBRARY = "libc++";
				CLANG_ENABLE_MODULES = YES;
				CLANG_ENABLE_OBJC_ARC = YES;
				CLANG_ENABLE_OBJC_WEAK = YES;
				CLANG_WARN_BLOCK_CAPTURE_AUTORELEASING = YES;
				CLANG_WARN_BOOL_CONVERSION = YES;
				CLANG_WARN_COMMA = YES;
				CLANG_WARN_CONSTANT_CONVERSION = YES;
				CLANG_WARN_DEPRECATED_OBJC_IMPLEMENTATIONS = YES;
				CLANG_WARN_DIRECT_OBJC_ISA_USAGE = YES_ERROR;
				CLANG_WARN_DOCUMENTATION_COMMENTS = YES;
				CLANG_WARN_EMPTY_BODY = YES;
				CLANG_WARN_ENUM_CONVERSION = YES;
				CLANG_WARN_INFINITE_RECURSION = YES;
				CLANG_WARN_INT_CONVERSION = YES;
				CLANG_WARN_NON_LITERAL_NULL_CONVERSION = YES;
				CLANG_WARN_OBJC_IMPLICIT_RETAIN_SELF = YES;
				CLANG_WARN_OBJC_LITERAL_CONVERSION = YES;
				CLANG_WARN_OBJC_ROOT_CLASS = YES_ERROR;
				CLANG_WARN_RANGE_LOOP_ANALYSIS = YES;
				CLANG_WARN_STRICT_PROTOTYPES = YES;
				CLANG_WARN_SUSPICIOUS_MOVE = YES;
				CLANG_WARN_UNGUARDED_AVAILABILITY = YES_AGGRESSIVE;
				CLANG_WARN_UNREACHABLE_CODE = YES;
				CLANG_WARN__DUPLICATE_METHOD_MATCH = YES;
				CODE_SIGN_IDENTITY = "iPhone Developer";
				COPY_PHASE_STRIP = NO;
				DEBUG_INFORMATION_FORMAT = dwarf;
				ENABLE_STRICT_OBJC_MSGSEND = YES;
				ENABLE_TESTABILITY = YES;
				GCC_C_LANGUAGE_STANDARD = gnu11;
				GCC_DYNAMIC_NO_PIC = NO;
				GCC_NO_COMMON_BLOCKS = YES;
				GCC_OPTIMIZATION_LEVEL = 0;
				GCC_PREPROCESSOR_DEFINITIONS = (
					"DEBUG=1",
					"$(inherited)",
				);
				GCC_WARN_64_TO_32_BIT_CONVERSION = YES;
				GCC_WARN_ABOUT_RETURN_TYPE = YES_ERROR;
				GCC_WARN_UNDECLARED_SELECTOR = YES;
				GCC_WARN_UNINITIALIZED_AUTOS = YES_AGGRESSIVE;
				GCC_WARN_UNUSED_FUNCTION = YES;
				GCC_WARN_UNUSED_VARIABLE = YES;
				IPHONEOS_DEPLOYMENT_TARGET = 11.0;
				MTL_ENABLE_DEBUG_INFO = INCLUDE_SOURCE;
				MTL_FAST_MATH = YES;
				ONLY_ACTIVE_ARCH = YES;
				SDKROOT = iphoneos;
				SWIFT_ACTIVE_COMPILATION_CONDITIONS = DEBUG;
				SWIFT_OPTIMIZATION_LEVEL = "-Onone";
			};
			name = Debug;
		};
		742A18A722DE530B004C544D /* Release */ = {
			isa = XCBuildConfiguration;
			buildSettings = {
				ALWAYS_SEARCH_USER_PATHS = NO;
				CLANG_ANALYZER_NONNULL = YES;
				CLANG_ANALYZER_NUMBER_OBJECT_CONVERSION = YES_AGGRESSIVE;
				CLANG_CXX_LANGUAGE_STANDARD = "gnu++14";
				CLANG_CXX_LIBRARY = "libc++";
				CLANG_ENABLE_MODULES = YES;
				CLANG_ENABLE_OBJC_ARC = YES;
				CLANG_ENABLE_OBJC_WEAK = YES;
				CLANG_WARN_BLOCK_CAPTURE_AUTORELEASING = YES;
				CLANG_WARN_BOOL_CONVERSION = YES;
				CLANG_WARN_COMMA = YES;
				CLANG_WARN_CONSTANT_CONVERSION = YES;
				CLANG_WARN_DEPRECATED_OBJC_IMPLEMENTATIONS = YES;
				CLANG_WARN_DIRECT_OBJC_ISA_USAGE = YES_ERROR;
				CLANG_WARN_DOCUMENTATION_COMMENTS = YES;
				CLANG_WARN_EMPTY_BODY = YES;
				CLANG_WARN_ENUM_CONVERSION = YES;
				CLANG_WARN_INFINITE_RECURSION = YES;
				CLANG_WARN_INT_CONVERSION = YES;
				CLANG_WARN_NON_LITERAL_NULL_CONVERSION = YES;
				CLANG_WARN_OBJC_IMPLICIT_RETAIN_SELF = YES;
				CLANG_WARN_OBJC_LITERAL_CONVERSION = YES;
				CLANG_WARN_OBJC_ROOT_CLASS = YES_ERROR;
				CLANG_WARN_RANGE_LOOP_ANALYSIS = YES;
				CLANG_WARN_STRICT_PROTOTYPES = YES;
				CLANG_WARN_SUSPICIOUS_MOVE = YES;
				CLANG_WARN_UNGUARDED_AVAILABILITY = YES_AGGRESSIVE;
				CLANG_WARN_UNREACHABLE_CODE = YES;
				CLANG_WARN__DUPLICATE_METHOD_MATCH = YES;
				CODE_SIGN_IDENTITY = "iPhone Developer";
				COPY_PHASE_STRIP = NO;
				DEBUG_INFORMATION_FORMAT = "dwarf-with-dsym";
				ENABLE_NS_ASSERTIONS = NO;
				ENABLE_STRICT_OBJC_MSGSEND = YES;
				GCC_C_LANGUAGE_STANDARD = gnu11;
				GCC_NO_COMMON_BLOCKS = YES;
				GCC_WARN_64_TO_32_BIT_CONVERSION = YES;
				GCC_WARN_ABOUT_RETURN_TYPE = YES_ERROR;
				GCC_WARN_UNDECLARED_SELECTOR = YES;
				GCC_WARN_UNINITIALIZED_AUTOS = YES_AGGRESSIVE;
				GCC_WARN_UNUSED_FUNCTION = YES;
				GCC_WARN_UNUSED_VARIABLE = YES;
				IPHONEOS_DEPLOYMENT_TARGET = 11.0;
				MTL_ENABLE_DEBUG_INFO = NO;
				MTL_FAST_MATH = YES;
				SDKROOT = iphoneos;
				SWIFT_COMPILATION_MODE = wholemodule;
				SWIFT_OPTIMIZATION_LEVEL = "-O";
				VALIDATE_PRODUCT = YES;
			};
			name = Release;
		};
		742A18A922DE530B004C544D /* Debug */ = {
			isa = XCBuildConfiguration;
			buildSettings = {
				ASSETCATALOG_COMPILER_APPICON_NAME = AppIcon;
				CODE_SIGN_STYLE = Automatic;
				INFOPLIST_FILE = "Eh-Ho/Info.plist";
				LD_RUNPATH_SEARCH_PATHS = (
					"$(inherited)",
					"@executable_path/Frameworks",
				);
				PRODUCT_BUNDLE_IDENTIFIER = "com.keepCoding.Eh-Ho";
				PRODUCT_NAME = "$(TARGET_NAME)";
				SWIFT_VERSION = 5.0;
				TARGETED_DEVICE_FAMILY = "1,2";
			};
			name = Debug;
		};
		742A18AA22DE530B004C544D /* Release */ = {
			isa = XCBuildConfiguration;
			buildSettings = {
				ASSETCATALOG_COMPILER_APPICON_NAME = AppIcon;
				CODE_SIGN_STYLE = Automatic;
				INFOPLIST_FILE = "Eh-Ho/Info.plist";
				LD_RUNPATH_SEARCH_PATHS = (
					"$(inherited)",
					"@executable_path/Frameworks",
				);
				PRODUCT_BUNDLE_IDENTIFIER = "com.keepCoding.Eh-Ho";
				PRODUCT_NAME = "$(TARGET_NAME)";
				SWIFT_VERSION = 5.0;
				TARGETED_DEVICE_FAMILY = "1,2";
			};
			name = Release;
		};
/* End XCBuildConfiguration section */

/* Begin XCConfigurationList section */
		742A189122DE5309004C544D /* Build configuration list for PBXProject "Eh-Ho" */ = {
			isa = XCConfigurationList;
			buildConfigurations = (
				742A18A622DE530B004C544D /* Debug */,
				742A18A722DE530B004C544D /* Release */,
			);
			defaultConfigurationIsVisible = 0;
			defaultConfigurationName = Release;
		};
		742A18A822DE530B004C544D /* Build configuration list for PBXNativeTarget "Eh-Ho" */ = {
			isa = XCConfigurationList;
			buildConfigurations = (
				742A18A922DE530B004C544D /* Debug */,
				742A18AA22DE530B004C544D /* Release */,
			);
			defaultConfigurationIsVisible = 0;
			defaultConfigurationName = Release;
		};
/* End XCConfigurationList section */
	};
	rootObject = 742A188E22DE5309004C544D /* Project object */;
}
